# This file is autogenerated, do not edit; changes may be undone by the next 'dep ensure'.


[[projects]]
  digest = "1:5e73b34a27d827212102605789de00bd411b2e434812133c83935fe9897c75e1"
  name = "github.com/philhofer/fwd"
  packages = ["."]
  pruneopts = "UT"
  revision = "bb6d471dc95d4fe11e432687f8b70ff496cf3136"
  version = "v1.0.0"

[[projects]]
  digest = "1:eaa6698f44de8f2977e93c9b946e60a8af75f565058658aad2df8032b55c84e5"
  name = "github.com/tinylib/msgp"
  packages = ["msgp"]
  pruneopts = "UT"
  revision = "b2b6a672cf1e5b90748f79b8b81fc8c5cf0571a1"
  version = "1.0.2"

[[projects]]
  branch = "master"
  digest = "1:68a4638398cf8c864a6aa50c8853ebe7935f939aa3acf7e44cb35b67852e9fef"
  name = "golang.org/x/sys"
  packages = ["windows"]
  pruneopts = "UT"
  revision = "70b957f3b65e069b4930ea94e2721eefa0f8f695"

[[projects]]
  digest = "1:cc69ecf6a2610ab3a1bacdc89d944ca929f60925429f1ca02bdb7746e2ab6655"
  name = "gopkg.in/DataDog/dd-trace-go.v1"
  packages = [
    "ddtrace",
    "ddtrace/ext",
    "ddtrace/internal",
    "ddtrace/mocktracer",
    "ddtrace/tracer",
  ]
  pruneopts = "UT"
  revision = "debe776ba8e7014bc48aa87c0f6b64a502d6efec"
  version = "v1.6.0"

[solve-meta]
  analyzer-name = "dep"
  analyzer-version = 1
  input-imports = [
    "gopkg.in/DataDog/dd-trace-go.v1/ddtrace/mocktracer",
    "gopkg.in/DataDog/dd-trace-go.v1/ddtrace/tracer",
  ]
  solver-name = "gps-cdcl"
  solver-version = 1
